// !$*UTF8*$!
{
	archiveVersion = 1;
	classes = {
	};
	objectVersion = 55;
	objects = {

/* Begin PBXBuildFile section */
		BF30C8A027DC1DFF0044C601 /* AppDelegate.swift in Sources */ = {isa = PBXBuildFile; fileRef = BF30C89F27DC1DFF0044C601 /* AppDelegate.swift */; };
		BF30C8A227DC1DFF0044C601 /* SceneDelegate.swift in Sources */ = {isa = PBXBuildFile; fileRef = BF30C8A127DC1DFF0044C601 /* SceneDelegate.swift */; };
		BF30C8A427DC1DFF0044C601 /* ViewController.swift in Sources */ = {isa = PBXBuildFile; fileRef = BF30C8A327DC1DFF0044C601 /* ViewController.swift */; };
		BF30C8A727DC1DFF0044C601 /* Main.storyboard in Resources */ = {isa = PBXBuildFile; fileRef = BF30C8A527DC1DFF0044C601 /* Main.storyboard */; };
		BF30C8A927DC1E000044C601 /* Assets.xcassets in Resources */ = {isa = PBXBuildFile; fileRef = BF30C8A827DC1E000044C601 /* Assets.xcassets */; };
		BF30C8AC27DC1E000044C601 /* LaunchScreen.storyboard in Resources */ = {isa = PBXBuildFile; fileRef = BF30C8AA27DC1E000044C601 /* LaunchScreen.storyboard */; };
		BF30C8B727DC1EF50044C601 /* CharactersPropertyList.plist in Resources */ = {isa = PBXBuildFile; fileRef = BF30C8B627DC1EF50044C601 /* CharactersPropertyList.plist */; };
		BF30C8B927DC1FFE0044C601 /* CharacterManager.swift in Sources */ = {isa = PBXBuildFile; fileRef = BF30C8B827DC1FFE0044C601 /* CharacterManager.swift */; };
/* End PBXBuildFile section */

/* Begin PBXFileReference section */
		BF30C89C27DC1DFF0044C601 /* Chapter 14 table view property list.app */ = {isa = PBXFileReference; explicitFileType = wrapper.application; includeInIndex = 0; path = "Chapter 14 table view property list.app"; sourceTree = BUILT_PRODUCTS_DIR; };
		BF30C89F27DC1DFF0044C601 /* AppDelegate.swift */ = {isa = PBXFileReference; lastKnownFileType = sourcecode.swift; path = AppDelegate.swift; sourceTree = "<group>"; };
		BF30C8A127DC1DFF0044C601 /* SceneDelegate.swift */ = {isa = PBXFileReference; lastKnownFileType = sourcecode.swift; path = SceneDelegate.swift; sourceTree = "<group>"; };
		BF30C8A327DC1DFF0044C601 /* ViewController.swift */ = {isa = PBXFileReference; lastKnownFileType = sourcecode.swift; path = ViewController.swift; sourceTree = "<group>"; };
		BF30C8A627DC1DFF0044C601 /* Base */ = {isa = PBXFileReference; lastKnownFileType = file.storyboard; name = Base; path = Base.lproj/Main.storyboard; sourceTree = "<group>"; };
		BF30C8A827DC1E000044C601 /* Assets.xcassets */ = {isa = PBXFileReference; lastKnownFileType = folder.assetcatalog; path = Assets.xcassets; sourceTree = "<group>"; };
		BF30C8AB27DC1E000044C601 /* Base */ = {isa = PBXFileReference; lastKnownFileType = file.storyboard; name = Base; path = Base.lproj/LaunchScreen.storyboard; sourceTree = "<group>"; };
		BF30C8AD27DC1E000044C601 /* Info.plist */ = {isa = PBXFileReference; lastKnownFileType = text.plist.xml; path = Info.plist; sourceTree = "<group>"; };
		BF30C8B627DC1EF50044C601 /* CharactersPropertyList.plist */ = {isa = PBXFileReference; lastKnownFileType = text.plist.xml; path = CharactersPropertyList.plist; sourceTree = "<group>"; };
		BF30C8B827DC1FFE0044C601 /* CharacterManager.swift */ = {isa = PBXFileReference; lastKnownFileType = sourcecode.swift; path = CharacterManager.swift; sourceTree = "<group>"; };
/* End PBXFileReference section */

/* Begin PBXFrameworksBuildPhase section */
		BF30C89927DC1DFF0044C601 /* Frameworks */ = {
			isa = PBXFrameworksBuildPhase;
			buildActionMask = 2147483647;
			files = (
			);
			runOnlyForDeploymentPostprocessing = 0;
		};
/* End PBXFrameworksBuildPhase section */

/* Begin PBXGroup section */
		BF30C89327DC1DFF0044C601 = {
			isa = PBXGroup;
			children = (
				BF30C89E27DC1DFF0044C601 /* Chapter 14 table view property list */,
				BF30C89D27DC1DFF0044C601 /* Products */,
			);
			sourceTree = "<group>";
		};
		BF30C89D27DC1DFF0044C601 /* Products */ = {
			isa = PBXGroup;
			children = (
				BF30C89C27DC1DFF0044C601 /* Chapter 14 table view property list.app */,
			);
			name = Products;
			sourceTree = "<group>";
		};
		BF30C89E27DC1DFF0044C601 /* Chapter 14 table view property list */ = {
			isa = PBXGroup;
			children = (
				BF30C8B527DC1E5E0044C601 /* Controller */,
				BF30C8B427DC1E4F0044C601 /* View */,
				BF30C8B327DC1E470044C601 /* Model */,
				BF30C89F27DC1DFF0044C601 /* AppDelegate.swift */,
				BF30C8A127DC1DFF0044C601 /* SceneDelegate.swift */,
				BF30C8A327DC1DFF0044C601 /* ViewController.swift */,
				BF30C8A527DC1DFF0044C601 /* Main.storyboard */,
				BF30C8A827DC1E000044C601 /* Assets.xcassets */,
				BF30C8AA27DC1E000044C601 /* LaunchScreen.storyboard */,
				BF30C8AD27DC1E000044C601 /* Info.plist */,
			);
			path = "Chapter 14 table view property list";
			sourceTree = "<group>";
		};
		BF30C8B327DC1E470044C601 /* Model */ = {
			isa = PBXGroup;
			children = (
				BF30C8B627DC1EF50044C601 /* CharactersPropertyList.plist */,
				BF30C8B827DC1FFE0044C601 /* CharacterManager.swift */,
			);
			path = Model;
			sourceTree = "<group>";
		};
		BF30C8B427DC1E4F0044C601 /* View */ = {
			isa = PBXGroup;
			children = (
			);
			path = View;
			sourceTree = "<group>";
		};
		BF30C8B527DC1E5E0044C601 /* Controller */ = {
			isa = PBXGroup;
			children = (
			);
			path = Controller;
			sourceTree = "<group>";
		};
/* End PBXGroup section */

/* Begin PBXNativeTarget section */
		BF30C89B27DC1DFF0044C601 /* Chapter 14 table view property list */ = {
			isa = PBXNativeTarget;
			buildConfigurationList = BF30C8B027DC1E000044C601 /* Build configuration list for PBXNativeTarget "Chapter 14 table view property list" */;
			buildPhases = (
				BF30C89827DC1DFF0044C601 /* Sources */,
				BF30C89927DC1DFF0044C601 /* Frameworks */,
				BF30C89A27DC1DFF0044C601 /* Resources */,
			);
			buildRules = (
			);
			dependencies = (
			);
			name = "Chapter 14 table view property list";
			productName = "Chapter 14 table view property list";
			productReference = BF30C89C27DC1DFF0044C601 /* Chapter 14 table view property list.app */;
			productType = "com.apple.product-type.application";
		};
/* End PBXNativeTarget section */

/* Begin PBXProject section */
		BF30C89427DC1DFF0044C601 /* Project object */ = {
			isa = PBXProject;
			attributes = {
				BuildIndependentTargetsInParallel = 1;
				LastSwiftUpdateCheck = 1320;
				LastUpgradeCheck = 1320;
				TargetAttributes = {
					BF30C89B27DC1DFF0044C601 = {
						CreatedOnToolsVersion = 13.2.1;
					};
				};
			};
			buildConfigurationList = BF30C89727DC1DFF0044C601 /* Build configuration list for PBXProject "Chapter 14 table view property list" */;
			compatibilityVersion = "Xcode 13.0";
			developmentRegion = en;
			hasScannedForEncodings = 0;
			knownRegions = (
				en,
				Base,
			);
			mainGroup = BF30C89327DC1DFF0044C601;
			productRefGroup = BF30C89D27DC1DFF0044C601 /* Products */;
			projectDirPath = "";
			projectRoot = "";
			targets = (
				BF30C89B27DC1DFF0044C601 /* Chapter 14 table view property list */,
			);
		};
/* End PBXProject section */

/* Begin PBXResourcesBuildPhase section */
		BF30C89A27DC1DFF0044C601 /* Resources */ = {
			isa = PBXResourcesBuildPhase;
			buildActionMask = 2147483647;
			files = (
				BF30C8AC27DC1E000044C601 /* LaunchScreen.storyboard in Resources */,
				BF30C8A927DC1E000044C601 /* Assets.xcassets in Resources */,
				BF30C8A727DC1DFF0044C601 /* Main.storyboard in Resources */,
				BF30C8B727DC1EF50044C601 /* CharactersPropertyList.plist in Resources */,
			);
			runOnlyForDeploymentPostprocessing = 0;
		};
/* End PBXResourcesBuildPhase section */

/* Begin PBXSourcesBuildPhase section */
		BF30C89827DC1DFF0044C601 /* Sources */ = {
			isa = PBXSourcesBuildPhase;
			buildActionMask = 2147483647;
			files = (
				BF30C8A427DC1DFF0044C601 /* ViewController.swift in Sources */,
				BF30C8B927DC1FFE0044C601 /* CharacterManager.swift in Sources */,
				BF30C8A027DC1DFF0044C601 /* AppDelegate.swift in Sources */,
				BF30C8A227DC1DFF0044C601 /* SceneDelegate.swift in Sources */,
			);
			runOnlyForDeploymentPostprocessing = 0;
		};
/* End PBXSourcesBuildPhase section */

/* Begin PBXVariantGroup section */
		BF30C8A527DC1DFF0044C601 /* Main.storyboard */ = {
			isa = PBXVariantGroup;
			children = (
				BF30C8A627DC1DFF0044C601 /* Base */,
			);
			name = Main.storyboard;
			sourceTree = "<group>";
		};
		BF30C8AA27DC1E000044C601 /* LaunchScreen.storyboard */ = {
			isa = PBXVariantGroup;
			children = (
				BF30C8AB27DC1E000044C601 /* Base */,
			);
			name = LaunchScreen.storyboard;
			sourceTree = "<group>";
		};
/* End PBXVariantGroup section */

/* Begin XCBuildConfiguration section */
		BF30C8AE27DC1E000044C601 /* Debug */ = {
			isa = XCBuildConfiguration;
			buildSettings = {
				ALWAYS_SEARCH_USER_PATHS = NO;
				CLANG_ANALYZER_NONNULL = YES;
				CLANG_ANALYZER_NUMBER_OBJECT_CONVERSION = YES_AGGRESSIVE;
				CLANG_CXX_LANGUAGE_STANDARD = "gnu++17";
				CLANG_CXX_LIBRARY = "libc++";
				CLANG_ENABLE_MODULES = YES;
				CLANG_ENABLE_OBJC_ARC = YES;
				CLANG_ENABLE_OBJC_WEAK = YES;
				CLANG_WARN_BLOCK_CAPTURE_AUTORELEASING = YES;
				CLANG_WARN_BOOL_CONVERSION = YES;
				CLANG_WARN_COMMA = YES;
				CLANG_WARN_CONSTANT_CONVERSION = YES;
				CLANG_WARN_DEPRECATED_OBJC_IMPLEMENTATIONS = YES;
				CLANG_WARN_DIRECT_OBJC_ISA_USAGE = YES_ERROR;
				CLANG_WARN_DOCUMENTATION_COMMENTS = YES;
				CLANG_WARN_EMPTY_BODY = YES;
				CLANG_WARN_ENUM_CONVERSION = YES;
				CLANG_WARN_INFINITE_RECURSION = YES;
				CLANG_WARN_INT_CONVERSION = YES;
				CLANG_WARN_NON_LITERAL_NULL_CONVERSION = YES;
				CLANG_WARN_OBJC_IMPLICIT_RETAIN_SELF = YES;
				CLANG_WARN_OBJC_LITERAL_CONVERSION = YES;
				CLANG_WARN_OBJC_ROOT_CLASS = YES_ERROR;
				CLANG_WARN_QUOTED_INCLUDE_IN_FRAMEWORK_HEADER = YES;
				CLANG_WARN_RANGE_LOOP_ANALYSIS = YES;
				CLANG_WARN_STRICT_PROTOTYPES = YES;
				CLANG_WARN_SUSPICIOUS_MOVE = YES;
				CLANG_WARN_UNGUARDED_AVAILABILITY = YES_AGGRESSIVE;
				CLANG_WARN_UNREACHABLE_CODE = YES;
				CLANG_WARN__DUPLICATE_METHOD_MATCH = YES;
				COPY_PHASE_STRIP = NO;
				DEBUG_INFORMATION_FORMAT = dwarf;
				ENABLE_STRICT_OBJC_MSGSEND = YES;
				ENABLE_TESTABILITY = YES;
				GCC_C_LANGUAGE_STANDARD = gnu11;
				GCC_DYNAMIC_NO_PIC = NO;
				GCC_NO_COMMON_BLOCKS = YES;
				GCC_OPTIMIZATION_LEVEL = 0;
				GCC_PREPROCESSOR_DEFINITIONS = (
					"DEBUG=1",
					"$(inherited)",
				);
				GCC_WARN_64_TO_32_BIT_CONVERSION = YES;
				GCC_WARN_ABOUT_RETURN_TYPE = YES_ERROR;
				GCC_WARN_UNDECLARED_SELECTOR = YES;
				GCC_WARN_UNINITIALIZED_AUTOS = YES_AGGRESSIVE;
				GCC_WARN_UNUSED_FUNCTION = YES;
				GCC_WARN_UNUSED_VARIABLE = YES;
				IPHONEOS_DEPLOYMENT_TARGET = 15.2;
				MTL_ENABLE_DEBUG_INFO = INCLUDE_SOURCE;
				MTL_FAST_MATH = YES;
				ONLY_ACTIVE_ARCH = YES;
				SDKROOT = iphoneos;
				SWIFT_ACTIVE_COMPILATION_CONDITIONS = DEBUG;
				SWIFT_OPTIMIZATION_LEVEL = "-Onone";
			};
			name = Debug;
		};
		BF30C8AF27DC1E000044C601 /* Release */ = {
			isa = XCBuildConfiguration;
			buildSettings = {
				ALWAYS_SEARCH_USER_PATHS = NO;
				CLANG_ANALYZER_NONNULL = YES;
				CLANG_ANALYZER_NUMBER_OBJECT_CONVERSION = YES_AGGRESSIVE;
				CLANG_CXX_LANGUAGE_STANDARD = "gnu++17";
				CLANG_CXX_LIBRARY = "libc++";
				CLANG_ENABLE_MODULES = YES;
				CLANG_ENABLE_OBJC_ARC = YES;
				CLANG_ENABLE_OBJC_WEAK = YES;
				CLANG_WARN_BLOCK_CAPTURE_AUTORELEASING = YES;
				CLANG_WARN_BOOL_CONVERSION = YES;
				CLANG_WARN_COMMA = YES;
				CLANG_WARN_CONSTANT_CONVERSION = YES;
				CLANG_WARN_DEPRECATED_OBJC_IMPLEMENTATIONS = YES;
				CLANG_WARN_DIRECT_OBJC_ISA_USAGE = YES_ERROR;
				CLANG_WARN_DOCUMENTATION_COMMENTS = YES;
				CLANG_WARN_EMPTY_BODY = YES;
				CLANG_WARN_ENUM_CONVERSION = YES;
				CLANG_WARN_INFINITE_RECURSION = YES;
				CLANG_WARN_INT_CONVERSION = YES;
				CLANG_WARN_NON_LITERAL_NULL_CONVERSION = YES;
				CLANG_WARN_OBJC_IMPLICIT_RETAIN_SELF = YES;
				CLANG_WARN_OBJC_LITERAL_CONVERSION = YES;
				CLANG_WARN_OBJC_ROOT_CLASS = YES_ERROR;
				CLANG_WARN_QUOTED_INCLUDE_IN_FRAMEWORK_HEADER = YES;
				CLANG_WARN_RANGE_LOOP_ANALYSIS = YES;
				CLANG_WARN_STRICT_PROTOTYPES = YES;
				CLANG_WARN_SUSPICIOUS_MOVE = YES;
				CLANG_WARN_UNGUARDED_AVAILABILITY = YES_AGGRESSIVE;
				CLANG_WARN_UNREACHABLE_CODE = YES;
				CLANG_WARN__DUPLICATE_METHOD_MATCH = YES;
				COPY_PHASE_STRIP = NO;
				DEBUG_INFORMATION_FORMAT = "dwarf-with-dsym";
				ENABLE_NS_ASSERTIONS = NO;
				ENABLE_STRICT_OBJC_MSGSEND = YES;
				GCC_C_LANGUAGE_STANDARD = gnu11;
				GCC_NO_COMMON_BLOCKS = YES;
				GCC_WARN_64_TO_32_BIT_CONVERSION = YES;
				GCC_WARN_ABOUT_RETURN_TYPE = YES_ERROR;
				GCC_WARN_UNDECLARED_SELECTOR = YES;
				GCC_WARN_UNINITIALIZED_AUTOS = YES_AGGRESSIVE;
				GCC_WARN_UNUSED_FUNCTION = YES;
				GCC_WARN_UNUSED_VARIABLE = YES;
				IPHONEOS_DEPLOYMENT_TARGET = 15.2;
				MTL_ENABLE_DEBUG_INFO = NO;
				MTL_FAST_MATH = YES;
				SDKROOT = iphoneos;
				SWIFT_COMPILATION_MODE = wholemodule;
				SWIFT_OPTIMIZATION_LEVEL = "-O";
				VALIDATE_PRODUCT = YES;
			};
			name = Release;
		};
		BF30C8B127DC1E000044C601 /* Debug */ = {
			isa = XCBuildConfiguration;
			buildSettings = {
				ASSETCATALOG_COMPILER_APPICON_NAME = AppIcon;
				ASSETCATALOG_COMPILER_GLOBAL_ACCENT_COLOR_NAME = AccentColor;
				CODE_SIGN_STYLE = Automatic;
				CURRENT_PROJECT_VERSION = 1;
				GENERATE_INFOPLIST_FILE = YES;
				INFOPLIST_FILE = "Chapter 14 table view property list/Info.plist";
				INFOPLIST_KEY_UIApplicationSupportsIndirectInputEvents = YES;
				INFOPLIST_KEY_UILaunchStoryboardName = LaunchScreen;
				INFOPLIST_KEY_UIMainStoryboardFile = Main;
				INFOPLIST_KEY_UISupportedInterfaceOrientations_iPad = "UIInterfaceOrientationPortrait UIInterfaceOrientationPortraitUpsideDown UIInterfaceOrientationLandscapeLeft UIInterfaceOrientationLandscapeRight";
				INFOPLIST_KEY_UISupportedInterfaceOrientations_iPhone = "UIInterfaceOrientationPortrait UIInterfaceOrientationLandscapeLeft UIInterfaceOrientationLandscapeRight";
				LD_RUNPATH_SEARCH_PATHS = (
					"$(inherited)",
					"@executable_path/Frameworks",
				);
				MARKETING_VERSION = 1.0;
				PRODUCT_BUNDLE_IDENTIFIER = "ca.nait.dmit.Chapter-14-table-view-property-list";
				PRODUCT_NAME = "$(TARGET_NAME)";
				SWIFT_EMIT_LOC_STRINGS = YES;
				SWIFT_VERSION = 5.0;
				TARGETED_DEVICE_FAMILY = "1,2";
			};
			name = Debug;
		};
		BF30C8B227DC1E000044C601 /* Release */ = {
			isa = XCBuildConfiguration;
			buildSettings = {
				ASSETCATALOG_COMPILER_APPICON_NAME = AppIcon;
				ASSETCATALOG_COMPILER_GLOBAL_ACCENT_COLOR_NAME = AccentColor;
				CODE_SIGN_STYLE = Automatic;
				CURRENT_PROJECT_VERSION = 1;
				GENERATE_INFOPLIST_FILE = YES;
				INFOPLIST_FILE = "Chapter 14 table view property list/Info.plist";
				INFOPLIST_KEY_UIApplicationSupportsIndirectInputEvents = YES;
				INFOPLIST_KEY_UILaunchStoryboardName = LaunchScreen;
				INFOPLIST_KEY_UIMainStoryboardFile = Main;
				INFOPLIST_KEY_UISupportedInterfaceOrientations_iPad = "UIInterfaceOrientationPortrait UIInterfaceOrientationPortraitUpsideDown UIInterfaceOrientationLandscapeLeft UIInterfaceOrientationLandscapeRight";
				INFOPLIST_KEY_UISupportedInterfaceOrientations_iPhone = "UIInterfaceOrientationPortrait UIInterfaceOrientationLandscapeLeft UIInterfaceOrientationLandscapeRight";
				LD_RUNPATH_SEARCH_PATHS = (
					"$(inherited)",
					"@executable_path/Frameworks",
				);
				MARKETING_VERSION = 1.0;
				PRODUCT_BUNDLE_IDENTIFIER = "ca.nait.dmit.Chapter-14-table-view-property-list";
				PRODUCT_NAME = "$(TARGET_NAME)";
				SWIFT_EMIT_LOC_STRINGS = YES;
				SWIFT_VERSION = 5.0;
				TARGETED_DEVICE_FAMILY = "1,2";
			};
			name = Release;
		};
/* End XCBuildConfiguration section */

/* Begin XCConfigurationList section */
		BF30C89727DC1DFF0044C601 /* Build configuration list for PBXProject "Chapter 14 table view property list" */ = {
			isa = XCConfigurationList;
			buildConfigurations = (
				BF30C8AE27DC1E000044C601 /* Debug */,
				BF30C8AF27DC1E000044C601 /* Release */,
			);
			defaultConfigurationIsVisible = 0;
			defaultConfigurationName = Release;
		};
		BF30C8B027DC1E000044C601 /* Build configuration list for PBXNativeTarget "Chapter 14 table view property list" */ = {
			isa = XCConfigurationList;
			buildConfigurations = (
				BF30C8B127DC1E000044C601 /* Debug */,
				BF30C8B227DC1E000044C601 /* Release */,
			);
			defaultConfigurationIsVisible = 0;
			defaultConfigurationName = Release;
		};
/* End XCConfigurationList section */
	};
	rootObject = BF30C89427DC1DFF0044C601 /* Project object */;
}
