// !$*UTF8*$!
{
	archiveVersion = 1;
	classes = {
	};
	objectVersion = 55;
	objects = {

/* Begin PBXBuildFile section */
		BFAC1BF027D97B4E00F9853B /* AppDelegate.swift in Sources */ = {isa = PBXBuildFile; fileRef = BFAC1BEF27D97B4E00F9853B /* AppDelegate.swift */; };
		BFAC1BF227D97B4E00F9853B /* SceneDelegate.swift in Sources */ = {isa = PBXBuildFile; fileRef = BFAC1BF127D97B4E00F9853B /* SceneDelegate.swift */; };
		BFAC1BF427D97B4E00F9853B /* ViewController.swift in Sources */ = {isa = PBXBuildFile; fileRef = BFAC1BF327D97B4E00F9853B /* ViewController.swift */; };
		BFAC1BF727D97B4E00F9853B /* Main.storyboard in Resources */ = {isa = PBXBuildFile; fileRef = BFAC1BF527D97B4E00F9853B /* Main.storyboard */; };
		BFAC1BF927D97B4F00F9853B /* Assets.xcassets in Resources */ = {isa = PBXBuildFile; fileRef = BFAC1BF827D97B4F00F9853B /* Assets.xcassets */; };
		BFAC1BFC27D97B4F00F9853B /* LaunchScreen.storyboard in Resources */ = {isa = PBXBuildFile; fileRef = BFAC1BFA27D97B4F00F9853B /* LaunchScreen.storyboard */; };
		BFAC1C0527D97C2F00F9853B /* CustomFont.swift in Sources */ = {isa = PBXBuildFile; fileRef = BFAC1C0427D97C2F00F9853B /* CustomFont.swift */; };
		BFAC1C0A27D97E5800F9853B /* CustomFontManager.swift in Sources */ = {isa = PBXBuildFile; fileRef = BFAC1C0927D97E5800F9853B /* CustomFontManager.swift */; };
		BFAC1C0C27D9800400F9853B /* FontTableViewController.swift in Sources */ = {isa = PBXBuildFile; fileRef = BFAC1C0B27D9800400F9853B /* FontTableViewController.swift */; };
/* End PBXBuildFile section */

/* Begin PBXFileReference section */
		BFAC1BEC27D97B4E00F9853B /* chapter 17 demo.app */ = {isa = PBXFileReference; explicitFileType = wrapper.application; includeInIndex = 0; path = "chapter 17 demo.app"; sourceTree = BUILT_PRODUCTS_DIR; };
		BFAC1BEF27D97B4E00F9853B /* AppDelegate.swift */ = {isa = PBXFileReference; lastKnownFileType = sourcecode.swift; path = AppDelegate.swift; sourceTree = "<group>"; };
		BFAC1BF127D97B4E00F9853B /* SceneDelegate.swift */ = {isa = PBXFileReference; lastKnownFileType = sourcecode.swift; path = SceneDelegate.swift; sourceTree = "<group>"; };
		BFAC1BF327D97B4E00F9853B /* ViewController.swift */ = {isa = PBXFileReference; lastKnownFileType = sourcecode.swift; path = ViewController.swift; sourceTree = "<group>"; };
		BFAC1BF627D97B4E00F9853B /* Base */ = {isa = PBXFileReference; lastKnownFileType = file.storyboard; name = Base; path = Base.lproj/Main.storyboard; sourceTree = "<group>"; };
		BFAC1BF827D97B4F00F9853B /* Assets.xcassets */ = {isa = PBXFileReference; lastKnownFileType = folder.assetcatalog; path = Assets.xcassets; sourceTree = "<group>"; };
		BFAC1BFB27D97B4F00F9853B /* Base */ = {isa = PBXFileReference; lastKnownFileType = file.storyboard; name = Base; path = Base.lproj/LaunchScreen.storyboard; sourceTree = "<group>"; };
		BFAC1BFD27D97B4F00F9853B /* Info.plist */ = {isa = PBXFileReference; lastKnownFileType = text.plist.xml; path = Info.plist; sourceTree = "<group>"; };
		BFAC1C0427D97C2F00F9853B /* CustomFont.swift */ = {isa = PBXFileReference; lastKnownFileType = sourcecode.swift; path = CustomFont.swift; sourceTree = "<group>"; };
		BFAC1C0927D97E5800F9853B /* CustomFontManager.swift */ = {isa = PBXFileReference; lastKnownFileType = sourcecode.swift; path = CustomFontManager.swift; sourceTree = "<group>"; };
		BFAC1C0B27D9800400F9853B /* FontTableViewController.swift */ = {isa = PBXFileReference; lastKnownFileType = sourcecode.swift; path = FontTableViewController.swift; sourceTree = "<group>"; };
/* End PBXFileReference section */

/* Begin PBXFrameworksBuildPhase section */
		BFAC1BE927D97B4E00F9853B /* Frameworks */ = {
			isa = PBXFrameworksBuildPhase;
			buildActionMask = 2147483647;
			files = (
			);
			runOnlyForDeploymentPostprocessing = 0;
		};
/* End PBXFrameworksBuildPhase section */

/* Begin PBXGroup section */
		BFAC1BE327D97B4E00F9853B = {
			isa = PBXGroup;
			children = (
				BFAC1BEE27D97B4E00F9853B /* chapter 17 demo */,
				BFAC1BED27D97B4E00F9853B /* Products */,
			);
			sourceTree = "<group>";
		};
		BFAC1BED27D97B4E00F9853B /* Products */ = {
			isa = PBXGroup;
			children = (
				BFAC1BEC27D97B4E00F9853B /* chapter 17 demo.app */,
			);
			name = Products;
			sourceTree = "<group>";
		};
		BFAC1BEE27D97B4E00F9853B /* chapter 17 demo */ = {
			isa = PBXGroup;
			children = (
				BFAC1C0827D97C4D00F9853B /* Controller */,
				BFAC1C0727D97C4700F9853B /* View */,
				BFAC1C0327D97BED00F9853B /* Model */,
				BFAC1BEF27D97B4E00F9853B /* AppDelegate.swift */,
				BFAC1BF127D97B4E00F9853B /* SceneDelegate.swift */,
				BFAC1BF327D97B4E00F9853B /* ViewController.swift */,
				BFAC1BF527D97B4E00F9853B /* Main.storyboard */,
				BFAC1BF827D97B4F00F9853B /* Assets.xcassets */,
				BFAC1BFA27D97B4F00F9853B /* LaunchScreen.storyboard */,
				BFAC1BFD27D97B4F00F9853B /* Info.plist */,
			);
			path = "chapter 17 demo";
			sourceTree = "<group>";
		};
		BFAC1C0327D97BED00F9853B /* Model */ = {
			isa = PBXGroup;
			children = (
				BFAC1C0427D97C2F00F9853B /* CustomFont.swift */,
				BFAC1C0927D97E5800F9853B /* CustomFontManager.swift */,
			);
			path = Model;
			sourceTree = "<group>";
		};
		BFAC1C0727D97C4700F9853B /* View */ = {
			isa = PBXGroup;
			children = (
			);
			path = View;
			sourceTree = "<group>";
		};
		BFAC1C0827D97C4D00F9853B /* Controller */ = {
			isa = PBXGroup;
			children = (
				BFAC1C0B27D9800400F9853B /* FontTableViewController.swift */,
			);
			path = Controller;
			sourceTree = "<group>";
		};
/* End PBXGroup section */

/* Begin PBXNativeTarget section */
		BFAC1BEB27D97B4E00F9853B /* chapter 17 demo */ = {
			isa = PBXNativeTarget;
			buildConfigurationList = BFAC1C0027D97B4F00F9853B /* Build configuration list for PBXNativeTarget "chapter 17 demo" */;
			buildPhases = (
				BFAC1BE827D97B4E00F9853B /* Sources */,
				BFAC1BE927D97B4E00F9853B /* Frameworks */,
				BFAC1BEA27D97B4E00F9853B /* Resources */,
			);
			buildRules = (
			);
			dependencies = (
			);
			name = "chapter 17 demo";
			productName = "chapter 17 demo";
			productReference = BFAC1BEC27D97B4E00F9853B /* chapter 17 demo.app */;
			productType = "com.apple.product-type.application";
		};
/* End PBXNativeTarget section */

/* Begin PBXProject section */
		BFAC1BE427D97B4E00F9853B /* Project object */ = {
			isa = PBXProject;
			attributes = {
				BuildIndependentTargetsInParallel = 1;
				LastSwiftUpdateCheck = 1320;
				LastUpgradeCheck = 1320;
				TargetAttributes = {
					BFAC1BEB27D97B4E00F9853B = {
						CreatedOnToolsVersion = 13.2.1;
					};
				};
			};
			buildConfigurationList = BFAC1BE727D97B4E00F9853B /* Build configuration list for PBXProject "chapter 17 demo" */;
			compatibilityVersion = "Xcode 13.0";
			developmentRegion = en;
			hasScannedForEncodings = 0;
			knownRegions = (
				en,
				Base,
			);
			mainGroup = BFAC1BE327D97B4E00F9853B;
			productRefGroup = BFAC1BED27D97B4E00F9853B /* Products */;
			projectDirPath = "";
			projectRoot = "";
			targets = (
				BFAC1BEB27D97B4E00F9853B /* chapter 17 demo */,
			);
		};
/* End PBXProject section */

/* Begin PBXResourcesBuildPhase section */
		BFAC1BEA27D97B4E00F9853B /* Resources */ = {
			isa = PBXResourcesBuildPhase;
			buildActionMask = 2147483647;
			files = (
				BFAC1BFC27D97B4F00F9853B /* LaunchScreen.storyboard in Resources */,
				BFAC1BF927D97B4F00F9853B /* Assets.xcassets in Resources */,
				BFAC1BF727D97B4E00F9853B /* Main.storyboard in Resources */,
			);
			runOnlyForDeploymentPostprocessing = 0;
		};
/* End PBXResourcesBuildPhase section */

/* Begin PBXSourcesBuildPhase section */
		BFAC1BE827D97B4E00F9853B /* Sources */ = {
			isa = PBXSourcesBuildPhase;
			buildActionMask = 2147483647;
			files = (
				BFAC1C0C27D9800400F9853B /* FontTableViewController.swift in Sources */,
				BFAC1BF427D97B4E00F9853B /* ViewController.swift in Sources */,
				BFAC1C0527D97C2F00F9853B /* CustomFont.swift in Sources */,
				BFAC1BF027D97B4E00F9853B /* AppDelegate.swift in Sources */,
				BFAC1BF227D97B4E00F9853B /* SceneDelegate.swift in Sources */,
				BFAC1C0A27D97E5800F9853B /* CustomFontManager.swift in Sources */,
			);
			runOnlyForDeploymentPostprocessing = 0;
		};
/* End PBXSourcesBuildPhase section */

/* Begin PBXVariantGroup section */
		BFAC1BF527D97B4E00F9853B /* Main.storyboard */ = {
			isa = PBXVariantGroup;
			children = (
				BFAC1BF627D97B4E00F9853B /* Base */,
			);
			name = Main.storyboard;
			sourceTree = "<group>";
		};
		BFAC1BFA27D97B4F00F9853B /* LaunchScreen.storyboard */ = {
			isa = PBXVariantGroup;
			children = (
				BFAC1BFB27D97B4F00F9853B /* Base */,
			);
			name = LaunchScreen.storyboard;
			sourceTree = "<group>";
		};
/* End PBXVariantGroup section */

/* Begin XCBuildConfiguration section */
		BFAC1BFE27D97B4F00F9853B /* Debug */ = {
			isa = XCBuildConfiguration;
			buildSettings = {
				ALWAYS_SEARCH_USER_PATHS = NO;
				CLANG_ANALYZER_NONNULL = YES;
				CLANG_ANALYZER_NUMBER_OBJECT_CONVERSION = YES_AGGRESSIVE;
				CLANG_CXX_LANGUAGE_STANDARD = "gnu++17";
				CLANG_CXX_LIBRARY = "libc++";
				CLANG_ENABLE_MODULES = YES;
				CLANG_ENABLE_OBJC_ARC = YES;
				CLANG_ENABLE_OBJC_WEAK = YES;
				CLANG_WARN_BLOCK_CAPTURE_AUTORELEASING = YES;
				CLANG_WARN_BOOL_CONVERSION = YES;
				CLANG_WARN_COMMA = YES;
				CLANG_WARN_CONSTANT_CONVERSION = YES;
				CLANG_WARN_DEPRECATED_OBJC_IMPLEMENTATIONS = YES;
				CLANG_WARN_DIRECT_OBJC_ISA_USAGE = YES_ERROR;
				CLANG_WARN_DOCUMENTATION_COMMENTS = YES;
				CLANG_WARN_EMPTY_BODY = YES;
				CLANG_WARN_ENUM_CONVERSION = YES;
				CLANG_WARN_INFINITE_RECURSION = YES;
				CLANG_WARN_INT_CONVERSION = YES;
				CLANG_WARN_NON_LITERAL_NULL_CONVERSION = YES;
				CLANG_WARN_OBJC_IMPLICIT_RETAIN_SELF = YES;
				CLANG_WARN_OBJC_LITERAL_CONVERSION = YES;
				CLANG_WARN_OBJC_ROOT_CLASS = YES_ERROR;
				CLANG_WARN_QUOTED_INCLUDE_IN_FRAMEWORK_HEADER = YES;
				CLANG_WARN_RANGE_LOOP_ANALYSIS = YES;
				CLANG_WARN_STRICT_PROTOTYPES = YES;
				CLANG_WARN_SUSPICIOUS_MOVE = YES;
				CLANG_WARN_UNGUARDED_AVAILABILITY = YES_AGGRESSIVE;
				CLANG_WARN_UNREACHABLE_CODE = YES;
				CLANG_WARN__DUPLICATE_METHOD_MATCH = YES;
				COPY_PHASE_STRIP = NO;
				DEBUG_INFORMATION_FORMAT = dwarf;
				ENABLE_STRICT_OBJC_MSGSEND = YES;
				ENABLE_TESTABILITY = YES;
				GCC_C_LANGUAGE_STANDARD = gnu11;
				GCC_DYNAMIC_NO_PIC = NO;
				GCC_NO_COMMON_BLOCKS = YES;
				GCC_OPTIMIZATION_LEVEL = 0;
				GCC_PREPROCESSOR_DEFINITIONS = (
					"DEBUG=1",
					"$(inherited)",
				);
				GCC_WARN_64_TO_32_BIT_CONVERSION = YES;
				GCC_WARN_ABOUT_RETURN_TYPE = YES_ERROR;
				GCC_WARN_UNDECLARED_SELECTOR = YES;
				GCC_WARN_UNINITIALIZED_AUTOS = YES_AGGRESSIVE;
				GCC_WARN_UNUSED_FUNCTION = YES;
				GCC_WARN_UNUSED_VARIABLE = YES;
				IPHONEOS_DEPLOYMENT_TARGET = 15.2;
				MTL_ENABLE_DEBUG_INFO = INCLUDE_SOURCE;
				MTL_FAST_MATH = YES;
				ONLY_ACTIVE_ARCH = YES;
				SDKROOT = iphoneos;
				SWIFT_ACTIVE_COMPILATION_CONDITIONS = DEBUG;
				SWIFT_OPTIMIZATION_LEVEL = "-Onone";
			};
			name = Debug;
		};
		BFAC1BFF27D97B4F00F9853B /* Release */ = {
			isa = XCBuildConfiguration;
			buildSettings = {
				ALWAYS_SEARCH_USER_PATHS = NO;
				CLANG_ANALYZER_NONNULL = YES;
				CLANG_ANALYZER_NUMBER_OBJECT_CONVERSION = YES_AGGRESSIVE;
				CLANG_CXX_LANGUAGE_STANDARD = "gnu++17";
				CLANG_CXX_LIBRARY = "libc++";
				CLANG_ENABLE_MODULES = YES;
				CLANG_ENABLE_OBJC_ARC = YES;
				CLANG_ENABLE_OBJC_WEAK = YES;
				CLANG_WARN_BLOCK_CAPTURE_AUTORELEASING = YES;
				CLANG_WARN_BOOL_CONVERSION = YES;
				CLANG_WARN_COMMA = YES;
				CLANG_WARN_CONSTANT_CONVERSION = YES;
				CLANG_WARN_DEPRECATED_OBJC_IMPLEMENTATIONS = YES;
				CLANG_WARN_DIRECT_OBJC_ISA_USAGE = YES_ERROR;
				CLANG_WARN_DOCUMENTATION_COMMENTS = YES;
				CLANG_WARN_EMPTY_BODY = YES;
				CLANG_WARN_ENUM_CONVERSION = YES;
				CLANG_WARN_INFINITE_RECURSION = YES;
				CLANG_WARN_INT_CONVERSION = YES;
				CLANG_WARN_NON_LITERAL_NULL_CONVERSION = YES;
				CLANG_WARN_OBJC_IMPLICIT_RETAIN_SELF = YES;
				CLANG_WARN_OBJC_LITERAL_CONVERSION = YES;
				CLANG_WARN_OBJC_ROOT_CLASS = YES_ERROR;
				CLANG_WARN_QUOTED_INCLUDE_IN_FRAMEWORK_HEADER = YES;
				CLANG_WARN_RANGE_LOOP_ANALYSIS = YES;
				CLANG_WARN_STRICT_PROTOTYPES = YES;
				CLANG_WARN_SUSPICIOUS_MOVE = YES;
				CLANG_WARN_UNGUARDED_AVAILABILITY = YES_AGGRESSIVE;
				CLANG_WARN_UNREACHABLE_CODE = YES;
				CLANG_WARN__DUPLICATE_METHOD_MATCH = YES;
				COPY_PHASE_STRIP = NO;
				DEBUG_INFORMATION_FORMAT = "dwarf-with-dsym";
				ENABLE_NS_ASSERTIONS = NO;
				ENABLE_STRICT_OBJC_MSGSEND = YES;
				GCC_C_LANGUAGE_STANDARD = gnu11;
				GCC_NO_COMMON_BLOCKS = YES;
				GCC_WARN_64_TO_32_BIT_CONVERSION = YES;
				GCC_WARN_ABOUT_RETURN_TYPE = YES_ERROR;
				GCC_WARN_UNDECLARED_SELECTOR = YES;
				GCC_WARN_UNINITIALIZED_AUTOS = YES_AGGRESSIVE;
				GCC_WARN_UNUSED_FUNCTION = YES;
				GCC_WARN_UNUSED_VARIABLE = YES;
				IPHONEOS_DEPLOYMENT_TARGET = 15.2;
				MTL_ENABLE_DEBUG_INFO = NO;
				MTL_FAST_MATH = YES;
				SDKROOT = iphoneos;
				SWIFT_COMPILATION_MODE = wholemodule;
				SWIFT_OPTIMIZATION_LEVEL = "-O";
				VALIDATE_PRODUCT = YES;
			};
			name = Release;
		};
		BFAC1C0127D97B4F00F9853B /* Debug */ = {
			isa = XCBuildConfiguration;
			buildSettings = {
				ASSETCATALOG_COMPILER_APPICON_NAME = AppIcon;
				ASSETCATALOG_COMPILER_GLOBAL_ACCENT_COLOR_NAME = AccentColor;
				CODE_SIGN_STYLE = Automatic;
				CURRENT_PROJECT_VERSION = 1;
				GENERATE_INFOPLIST_FILE = YES;
				INFOPLIST_FILE = "chapter 17 demo/Info.plist";
				INFOPLIST_KEY_UIApplicationSupportsIndirectInputEvents = YES;
				INFOPLIST_KEY_UILaunchStoryboardName = LaunchScreen;
				INFOPLIST_KEY_UIMainStoryboardFile = Main;
				INFOPLIST_KEY_UISupportedInterfaceOrientations_iPad = "UIInterfaceOrientationPortrait UIInterfaceOrientationPortraitUpsideDown UIInterfaceOrientationLandscapeLeft UIInterfaceOrientationLandscapeRight";
				INFOPLIST_KEY_UISupportedInterfaceOrientations_iPhone = "UIInterfaceOrientationPortrait UIInterfaceOrientationLandscapeLeft UIInterfaceOrientationLandscapeRight";
				LD_RUNPATH_SEARCH_PATHS = (
					"$(inherited)",
					"@executable_path/Frameworks",
				);
				MARKETING_VERSION = 1.0;
				PRODUCT_BUNDLE_IDENTIFIER = "ca.nait.dmit.chapter-17-demo";
				PRODUCT_NAME = "$(TARGET_NAME)";
				SWIFT_EMIT_LOC_STRINGS = YES;
				SWIFT_VERSION = 5.0;
				TARGETED_DEVICE_FAMILY = "1,2";
			};
			name = Debug;
		};
		BFAC1C0227D97B4F00F9853B /* Release */ = {
			isa = XCBuildConfiguration;
			buildSettings = {
				ASSETCATALOG_COMPILER_APPICON_NAME = AppIcon;
				ASSETCATALOG_COMPILER_GLOBAL_ACCENT_COLOR_NAME = AccentColor;
				CODE_SIGN_STYLE = Automatic;
				CURRENT_PROJECT_VERSION = 1;
				GENERATE_INFOPLIST_FILE = YES;
				INFOPLIST_FILE = "chapter 17 demo/Info.plist";
				INFOPLIST_KEY_UIApplicationSupportsIndirectInputEvents = YES;
				INFOPLIST_KEY_UILaunchStoryboardName = LaunchScreen;
				INFOPLIST_KEY_UIMainStoryboardFile = Main;
				INFOPLIST_KEY_UISupportedInterfaceOrientations_iPad = "UIInterfaceOrientationPortrait UIInterfaceOrientationPortraitUpsideDown UIInterfaceOrientationLandscapeLeft UIInterfaceOrientationLandscapeRight";
				INFOPLIST_KEY_UISupportedInterfaceOrientations_iPhone = "UIInterfaceOrientationPortrait UIInterfaceOrientationLandscapeLeft UIInterfaceOrientationLandscapeRight";
				LD_RUNPATH_SEARCH_PATHS = (
					"$(inherited)",
					"@executable_path/Frameworks",
				);
				MARKETING_VERSION = 1.0;
				PRODUCT_BUNDLE_IDENTIFIER = "ca.nait.dmit.chapter-17-demo";
				PRODUCT_NAME = "$(TARGET_NAME)";
				SWIFT_EMIT_LOC_STRINGS = YES;
				SWIFT_VERSION = 5.0;
				TARGETED_DEVICE_FAMILY = "1,2";
			};
			name = Release;
		};
/* End XCBuildConfiguration section */

/* Begin XCConfigurationList section */
		BFAC1BE727D97B4E00F9853B /* Build configuration list for PBXProject "chapter 17 demo" */ = {
			isa = XCConfigurationList;
			buildConfigurations = (
				BFAC1BFE27D97B4F00F9853B /* Debug */,
				BFAC1BFF27D97B4F00F9853B /* Release */,
			);
			defaultConfigurationIsVisible = 0;
			defaultConfigurationName = Release;
		};
		BFAC1C0027D97B4F00F9853B /* Build configuration list for PBXNativeTarget "chapter 17 demo" */ = {
			isa = XCConfigurationList;
			buildConfigurations = (
				BFAC1C0127D97B4F00F9853B /* Debug */,
				BFAC1C0227D97B4F00F9853B /* Release */,
			);
			defaultConfigurationIsVisible = 0;
			defaultConfigurationName = Release;
		};
/* End XCConfigurationList section */
	};
	rootObject = BFAC1BE427D97B4E00F9853B /* Project object */;
}
